
Microsoft Visual Studio Solution File, Format Version 12.00
# Visual Studio Version 17
VisualStudioVersion = 17.0.32014.148
MinimumVisualStudioVersion = 10.0.40219.1
Project("{9A19103F-16F7-4668-BE54-9A1E7A4F7556}") = "W1-M6-object-orientated", "W1-M6-object-orientated.csproj", "{4252579A-470E-4BDC-82F0-7ECBCA077959}"
EndProject
Global
	GlobalSection(SolutionConfigurationPlatforms) = preSolution
		Debug|Any CPU = Debug|Any CPU
		Release|Any CPU = Release|Any CPU
	EndGlobalSection
	GlobalSection(ProjectConfigurationPlatforms) = postSolution
		{4252579A-470E-4BDC-82F0-7ECBCA077959}.Debug|Any CPU.ActiveCfg = Debug|Any CPU
		{4252579A-470E-4BDC-82F0-7ECBCA077959}.Debug|Any CPU.Build.0 = Debug|Any CPU
		{4252579A-470E-4BDC-82F0-7ECBCA077959}.Release|Any CPU.ActiveCfg = Release|Any CPU
		{4252579A-470E-4BDC-82F0-7ECBCA077959}.Release|Any CPU.Build.0 = Release|Any CPU
	EndGlobalSection
	GlobalSection(SolutionProperties) = preSolution
		HideSolutionNode = FALSE
	EndGlobalSection
	GlobalSection(ExtensibilityGlobals) = postSolution
		SolutionGuid = {B9D59D55-D860-4286-A645-96EE1E1D3EEA}
	EndGlobalSection
EndGlobal
