
Microsoft Visual Studio Solution File, Format Version 12.00
# Visual Studio Version 16
VisualStudioVersion = 16.0.31220.234
MinimumVisualStudioVersion = 10.0.40219.1
Project("{9A19103F-16F7-4668-BE54-9A1E7A4F7556}") = "Welcome1", "Welcome1\Welcome1.csproj", "{235CB971-A410-4F6C-8905-243DAB0C9C1E}"
EndProject
Project("{FAE04EC0-301F-11D3-BF4B-00C04F79EFBC}") = "CreatingDataSets", "CreatingDataSets\CreatingDataSets.csproj", "{B8064A4E-E2F2-480A-AEA9-06C2A358B0FF}"
EndProject
Project("{FAE04EC0-301F-11D3-BF4B-00C04F79EFBC}") = "QuerySyntax", "QuerySyntax\QuerySyntax.csproj", "{913611CE-3645-436D-9BC8-3384F75B0ACF}"
EndProject
Global
	GlobalSection(SolutionConfigurationPlatforms) = preSolution
		Debug|Any CPU = Debug|Any CPU
		Release|Any CPU = Release|Any CPU
	EndGlobalSection
	GlobalSection(ProjectConfigurationPlatforms) = postSolution
		{235CB971-A410-4F6C-8905-243DAB0C9C1E}.Debug|Any CPU.ActiveCfg = Debug|Any CPU
		{235CB971-A410-4F6C-8905-243DAB0C9C1E}.Debug|Any CPU.Build.0 = Debug|Any CPU
		{235CB971-A410-4F6C-8905-243DAB0C9C1E}.Release|Any CPU.ActiveCfg = Release|Any CPU
		{235CB971-A410-4F6C-8905-243DAB0C9C1E}.Release|Any CPU.Build.0 = Release|Any CPU
		{B8064A4E-E2F2-480A-AEA9-06C2A358B0FF}.Debug|Any CPU.ActiveCfg = Debug|Any CPU
		{B8064A4E-E2F2-480A-AEA9-06C2A358B0FF}.Debug|Any CPU.Build.0 = Debug|Any CPU
		{B8064A4E-E2F2-480A-AEA9-06C2A358B0FF}.Release|Any CPU.ActiveCfg = Release|Any CPU
		{B8064A4E-E2F2-480A-AEA9-06C2A358B0FF}.Release|Any CPU.Build.0 = Release|Any CPU
		{913611CE-3645-436D-9BC8-3384F75B0ACF}.Debug|Any CPU.ActiveCfg = Debug|Any CPU
		{913611CE-3645-436D-9BC8-3384F75B0ACF}.Debug|Any CPU.Build.0 = Debug|Any CPU
		{913611CE-3645-436D-9BC8-3384F75B0ACF}.Release|Any CPU.ActiveCfg = Release|Any CPU
		{913611CE-3645-436D-9BC8-3384F75B0ACF}.Release|Any CPU.Build.0 = Release|Any CPU
	EndGlobalSection
	GlobalSection(SolutionProperties) = preSolution
		HideSolutionNode = FALSE
	EndGlobalSection
	GlobalSection(ExtensibilityGlobals) = postSolution
		SolutionGuid = {FCDEFA14-5D78-467D-AD59-84B5A85625BE}
	EndGlobalSection
EndGlobal
